
Microsoft Visual Studio Solution File, Format Version 12.00
# Visual Studio Version 17
VisualStudioVersion = 17.14.36327.8 d17.14
MinimumVisualStudioVersion = 10.0.40219.1
Project("{FAE04EC0-301F-11D3-BF4B-00C04F79EFBC}") = "01. Count Real Numbers", "01. Count Real Numbers\01. Count Real Numbers.csproj", "{10B3E15A-CA7B-4CFC-BA96-F4FC1D3AAC93}"
EndProject
Project("{FAE04EC0-301F-11D3-BF4B-00C04F79EFBC}") = "02. Odd Occurrences", "02. Odd Occurrences\02. Odd Occurrences.csproj", "{F6544B53-6D79-4C3E-B536-06C07D6A500E}"
EndProject
Project("{FAE04EC0-301F-11D3-BF4B-00C04F79EFBC}") = "03. Word Synonyms", "03. Word Synonyms\03. Word Synonyms.csproj", "{373DA0DA-CE16-4B06-9DA2-D53FD1E77E18}"
EndProject
Project("{FAE04EC0-301F-11D3-BF4B-00C04F79EFBC}") = "04. Word Filter", "04. Word Filter\04. Word Filter.csproj", "{B46DF8E8-E432-444C-9904-472A5528F5FD}"
EndProject
Global
	GlobalSection(SolutionConfigurationPlatforms) = preSolution
		Debug|Any CPU = Debug|Any CPU
		Release|Any CPU = Release|Any CPU
	EndGlobalSection
	GlobalSection(ProjectConfigurationPlatforms) = postSolution
		{10B3E15A-CA7B-4CFC-BA96-F4FC1D3AAC93}.Debug|Any CPU.ActiveCfg = Debug|Any CPU
		{10B3E15A-CA7B-4CFC-BA96-F4FC1D3AAC93}.Debug|Any CPU.Build.0 = Debug|Any CPU
		{10B3E15A-CA7B-4CFC-BA96-F4FC1D3AAC93}.Release|Any CPU.ActiveCfg = Release|Any CPU
		{10B3E15A-CA7B-4CFC-BA96-F4FC1D3AAC93}.Release|Any CPU.Build.0 = Release|Any CPU
		{F6544B53-6D79-4C3E-B536-06C07D6A500E}.Debug|Any CPU.ActiveCfg = Debug|Any CPU
		{F6544B53-6D79-4C3E-B536-06C07D6A500E}.Debug|Any CPU.Build.0 = Debug|Any CPU
		{F6544B53-6D79-4C3E-B536-06C07D6A500E}.Release|Any CPU.ActiveCfg = Release|Any CPU
		{F6544B53-6D79-4C3E-B536-06C07D6A500E}.Release|Any CPU.Build.0 = Release|Any CPU
		{373DA0DA-CE16-4B06-9DA2-D53FD1E77E18}.Debug|Any CPU.ActiveCfg = Debug|Any CPU
		{373DA0DA-CE16-4B06-9DA2-D53FD1E77E18}.Debug|Any CPU.Build.0 = Debug|Any CPU
		{373DA0DA-CE16-4B06-9DA2-D53FD1E77E18}.Release|Any CPU.ActiveCfg = Release|Any CPU
		{373DA0DA-CE16-4B06-9DA2-D53FD1E77E18}.Release|Any CPU.Build.0 = Release|Any CPU
		{B46DF8E8-E432-444C-9904-472A5528F5FD}.Debug|Any CPU.ActiveCfg = Debug|Any CPU
		{B46DF8E8-E432-444C-9904-472A5528F5FD}.Debug|Any CPU.Build.0 = Debug|Any CPU
		{B46DF8E8-E432-444C-9904-472A5528F5FD}.Release|Any CPU.ActiveCfg = Release|Any CPU
		{B46DF8E8-E432-444C-9904-472A5528F5FD}.Release|Any CPU.Build.0 = Release|Any CPU
	EndGlobalSection
	GlobalSection(SolutionProperties) = preSolution
		HideSolutionNode = FALSE
	EndGlobalSection
	GlobalSection(ExtensibilityGlobals) = postSolution
		SolutionGuid = {12E72CBC-5AA5-40F2-B33C-CD642B6909F5}
	EndGlobalSection
EndGlobal
